
Microsoft Visual Studio Solution File, Format Version 12.00
# Visual Studio Version 17
VisualStudioVersion = 17.5.33414.496
MinimumVisualStudioVersion = 10.0.40219.1
Project("{FAE04EC0-301F-11D3-BF4B-00C04F79EFBC}") = "Tests", "Tests\Tests.csproj", "{2542FF6B-5A9F-4F8B-BAF4-2214C8D2A907}"
EndProject
Project("{FAE04EC0-301F-11D3-BF4B-00C04F79EFBC}") = "Validation", "Validator\Validation.csproj", "{936B723B-A9E8-4A79-9634-B97E5DC97326}"
EndProject
Global
	GlobalSection(SolutionConfigurationPlatforms) = preSolution
		Debug|Any CPU = Debug|Any CPU
		Release|Any CPU = Release|Any CPU
	EndGlobalSection
	GlobalSection(ProjectConfigurationPlatforms) = postSolution
		{2542FF6B-5A9F-4F8B-BAF4-2214C8D2A907}.Debug|Any CPU.ActiveCfg = Debug|Any CPU
		{2542FF6B-5A9F-4F8B-BAF4-2214C8D2A907}.Debug|Any CPU.Build.0 = Debug|Any CPU
		{2542FF6B-5A9F-4F8B-BAF4-2214C8D2A907}.Release|Any CPU.ActiveCfg = Release|Any CPU
		{2542FF6B-5A9F-4F8B-BAF4-2214C8D2A907}.Release|Any CPU.Build.0 = Release|Any CPU
		{936B723B-A9E8-4A79-9634-B97E5DC97326}.Debug|Any CPU.ActiveCfg = Debug|Any CPU
		{936B723B-A9E8-4A79-9634-B97E5DC97326}.Debug|Any CPU.Build.0 = Debug|Any CPU
		{936B723B-A9E8-4A79-9634-B97E5DC97326}.Release|Any CPU.ActiveCfg = Release|Any CPU
		{936B723B-A9E8-4A79-9634-B97E5DC97326}.Release|Any CPU.Build.0 = Release|Any CPU
	EndGlobalSection
	GlobalSection(SolutionProperties) = preSolution
		HideSolutionNode = FALSE
	EndGlobalSection
	GlobalSection(ExtensibilityGlobals) = postSolution
		SolutionGuid = {6A6AE910-F7A9-40F0-B2DE-E2D956811D80}
	EndGlobalSection
EndGlobal
